// !$*UTF8*$!
{
	archiveVersion = 1;
	classes = {
	};
	objectVersion = 56;
	objects = {

/* Begin PBXBuildFile section */
		B17F84F32916AC0F00E4CEBB /* AppDelegate.swift in Sources */ = {isa = PBXBuildFile; fileRef = B17F84F22916AC0F00E4CEBB /* AppDelegate.swift */; };
		B17F84F52916AC0F00E4CEBB /* SceneDelegate.swift in Sources */ = {isa = PBXBuildFile; fileRef = B17F84F42916AC0F00E4CEBB /* SceneDelegate.swift */; };
		B17F84F72916AC0F00E4CEBB /* ViewController.swift in Sources */ = {isa = PBXBuildFile; fileRef = B17F84F62916AC0F00E4CEBB /* ViewController.swift */; };
		B17F84FA2916AC0F00E4CEBB /* Main.storyboard in Resources */ = {isa = PBXBuildFile; fileRef = B17F84F82916AC0F00E4CEBB /* Main.storyboard */; };
		B17F84FC2916AC1100E4CEBB /* Assets.xcassets in Resources */ = {isa = PBXBuildFile; fileRef = B17F84FB2916AC1100E4CEBB /* Assets.xcassets */; };
		B17F84FF2916AC1100E4CEBB /* LaunchScreen.storyboard in Resources */ = {isa = PBXBuildFile; fileRef = B17F84FD2916AC1100E4CEBB /* LaunchScreen.storyboard */; };
		B17F85072916AC2700E4CEBB /* Joke.swift in Sources */ = {isa = PBXBuildFile; fileRef = B17F85062916AC2700E4CEBB /* Joke.swift */; };
/* End PBXBuildFile section */

/* Begin PBXFileReference section */
		B17F84EF2916AC0F00E4CEBB /* HW 3.02.app */ = {isa = PBXFileReference; explicitFileType = wrapper.application; includeInIndex = 0; path = "HW 3.02.app"; sourceTree = BUILT_PRODUCTS_DIR; };
		B17F84F22916AC0F00E4CEBB /* AppDelegate.swift */ = {isa = PBXFileReference; lastKnownFileType = sourcecode.swift; path = AppDelegate.swift; sourceTree = "<group>"; };
		B17F84F42916AC0F00E4CEBB /* SceneDelegate.swift */ = {isa = PBXFileReference; lastKnownFileType = sourcecode.swift; path = SceneDelegate.swift; sourceTree = "<group>"; };
		B17F84F62916AC0F00E4CEBB /* ViewController.swift */ = {isa = PBXFileReference; lastKnownFileType = sourcecode.swift; path = ViewController.swift; sourceTree = "<group>"; };
		B17F84F92916AC0F00E4CEBB /* Base */ = {isa = PBXFileReference; lastKnownFileType = file.storyboard; name = Base; path = Base.lproj/Main.storyboard; sourceTree = "<group>"; };
		B17F84FB2916AC1100E4CEBB /* Assets.xcassets */ = {isa = PBXFileReference; lastKnownFileType = folder.assetcatalog; path = Assets.xcassets; sourceTree = "<group>"; };
		B17F84FE2916AC1100E4CEBB /* Base */ = {isa = PBXFileReference; lastKnownFileType = file.storyboard; name = Base; path = Base.lproj/LaunchScreen.storyboard; sourceTree = "<group>"; };
		B17F85002916AC1100E4CEBB /* Info.plist */ = {isa = PBXFileReference; lastKnownFileType = text.plist.xml; path = Info.plist; sourceTree = "<group>"; };
		B17F85062916AC2700E4CEBB /* Joke.swift */ = {isa = PBXFileReference; lastKnownFileType = sourcecode.swift; path = Joke.swift; sourceTree = "<group>"; };
/* End PBXFileReference section */

/* Begin PBXFrameworksBuildPhase section */
		B17F84EC2916AC0F00E4CEBB /* Frameworks */ = {
			isa = PBXFrameworksBuildPhase;
			buildActionMask = 2147483647;
			files = (
			);
			runOnlyForDeploymentPostprocessing = 0;
		};
/* End PBXFrameworksBuildPhase section */

/* Begin PBXGroup section */
		B17F84E62916AC0F00E4CEBB = {
			isa = PBXGroup;
			children = (
				B17F84F12916AC0F00E4CEBB /* HW 3.02 */,
				B17F84F02916AC0F00E4CEBB /* Products */,
			);
			sourceTree = "<group>";
		};
		B17F84F02916AC0F00E4CEBB /* Products */ = {
			isa = PBXGroup;
			children = (
				B17F84EF2916AC0F00E4CEBB /* HW 3.02.app */,
			);
			name = Products;
			sourceTree = "<group>";
		};
		B17F84F12916AC0F00E4CEBB /* HW 3.02 */ = {
			isa = PBXGroup;
			children = (
				B17F85092916B26400E4CEBB /* Models */,
				B17F850C2916B2A900E4CEBB /* App */,
				B17F85082916B24700E4CEBB /* ViewControllers */,
				B17F850A2916B28C00E4CEBB /* Storyboards */,
				B17F850B2916B2A000E4CEBB /* Resources */,
			);
			path = "HW 3.02";
			sourceTree = "<group>";
		};
		B17F85082916B24700E4CEBB /* ViewControllers */ = {
			isa = PBXGroup;
			children = (
				B17F84F62916AC0F00E4CEBB /* ViewController.swift */,
			);
			path = ViewControllers;
			sourceTree = "<group>";
		};
		B17F85092916B26400E4CEBB /* Models */ = {
			isa = PBXGroup;
			children = (
				B17F85062916AC2700E4CEBB /* Joke.swift */,
			);
			path = Models;
			sourceTree = "<group>";
		};
		B17F850A2916B28C00E4CEBB /* Storyboards */ = {
			isa = PBXGroup;
			children = (
				B17F84F82916AC0F00E4CEBB /* Main.storyboard */,
				B17F84FD2916AC1100E4CEBB /* LaunchScreen.storyboard */,
			);
			path = Storyboards;
			sourceTree = "<group>";
		};
		B17F850B2916B2A000E4CEBB /* Resources */ = {
			isa = PBXGroup;
			children = (
				B17F84FB2916AC1100E4CEBB /* Assets.xcassets */,
			);
			path = Resources;
			sourceTree = "<group>";
		};
		B17F850C2916B2A900E4CEBB /* App */ = {
			isa = PBXGroup;
			children = (
				B17F84F22916AC0F00E4CEBB /* AppDelegate.swift */,
				B17F84F42916AC0F00E4CEBB /* SceneDelegate.swift */,
				B17F85002916AC1100E4CEBB /* Info.plist */,
			);
			path = App;
			sourceTree = "<group>";
		};
/* End PBXGroup section */

/* Begin PBXNativeTarget section */
		B17F84EE2916AC0F00E4CEBB /* HW 3.02 */ = {
			isa = PBXNativeTarget;
			buildConfigurationList = B17F85032916AC1100E4CEBB /* Build configuration list for PBXNativeTarget "HW 3.02" */;
			buildPhases = (
				B17F84EB2916AC0F00E4CEBB /* Sources */,
				B17F84EC2916AC0F00E4CEBB /* Frameworks */,
				B17F84ED2916AC0F00E4CEBB /* Resources */,
			);
			buildRules = (
			);
			dependencies = (
			);
			name = "HW 3.02";
			productName = "HW 3.02";
			productReference = B17F84EF2916AC0F00E4CEBB /* HW 3.02.app */;
			productType = "com.apple.product-type.application";
		};
/* End PBXNativeTarget section */

/* Begin PBXProject section */
		B17F84E72916AC0F00E4CEBB /* Project object */ = {
			isa = PBXProject;
			attributes = {
				BuildIndependentTargetsInParallel = 1;
				LastSwiftUpdateCheck = 1410;
				LastUpgradeCheck = 1410;
				TargetAttributes = {
					B17F84EE2916AC0F00E4CEBB = {
						CreatedOnToolsVersion = 14.1;
					};
				};
			};
			buildConfigurationList = B17F84EA2916AC0F00E4CEBB /* Build configuration list for PBXProject "HW 3.02" */;
			compatibilityVersion = "Xcode 14.0";
			developmentRegion = en;
			hasScannedForEncodings = 0;
			knownRegions = (
				en,
				Base,
			);
			mainGroup = B17F84E62916AC0F00E4CEBB;
			productRefGroup = B17F84F02916AC0F00E4CEBB /* Products */;
			projectDirPath = "";
			projectRoot = "";
			targets = (
				B17F84EE2916AC0F00E4CEBB /* HW 3.02 */,
			);
		};
/* End PBXProject section */

/* Begin PBXResourcesBuildPhase section */
		B17F84ED2916AC0F00E4CEBB /* Resources */ = {
			isa = PBXResourcesBuildPhase;
			buildActionMask = 2147483647;
			files = (
				B17F84FF2916AC1100E4CEBB /* LaunchScreen.storyboard in Resources */,
				B17F84FC2916AC1100E4CEBB /* Assets.xcassets in Resources */,
				B17F84FA2916AC0F00E4CEBB /* Main.storyboard in Resources */,
			);
			runOnlyForDeploymentPostprocessing = 0;
		};
/* End PBXResourcesBuildPhase section */

/* Begin PBXSourcesBuildPhase section */
		B17F84EB2916AC0F00E4CEBB /* Sources */ = {
			isa = PBXSourcesBuildPhase;
			buildActionMask = 2147483647;
			files = (
				B17F84F72916AC0F00E4CEBB /* ViewController.swift in Sources */,
				B17F85072916AC2700E4CEBB /* Joke.swift in Sources */,
				B17F84F32916AC0F00E4CEBB /* AppDelegate.swift in Sources */,
				B17F84F52916AC0F00E4CEBB /* SceneDelegate.swift in Sources */,
			);
			runOnlyForDeploymentPostprocessing = 0;
		};
/* End PBXSourcesBuildPhase section */

/* Begin PBXVariantGroup section */
		B17F84F82916AC0F00E4CEBB /* Main.storyboard */ = {
			isa = PBXVariantGroup;
			children = (
				B17F84F92916AC0F00E4CEBB /* Base */,
			);
			name = Main.storyboard;
			sourceTree = "<group>";
		};
		B17F84FD2916AC1100E4CEBB /* LaunchScreen.storyboard */ = {
			isa = PBXVariantGroup;
			children = (
				B17F84FE2916AC1100E4CEBB /* Base */,
			);
			name = LaunchScreen.storyboard;
			sourceTree = "<group>";
		};
/* End PBXVariantGroup section */

/* Begin XCBuildConfiguration section */
		B17F85012916AC1100E4CEBB /* Debug */ = {
			isa = XCBuildConfiguration;
			buildSettings = {
				ALWAYS_SEARCH_USER_PATHS = NO;
				CLANG_ANALYZER_NONNULL = YES;
				CLANG_ANALYZER_NUMBER_OBJECT_CONVERSION = YES_AGGRESSIVE;
				CLANG_CXX_LANGUAGE_STANDARD = "gnu++20";
				CLANG_ENABLE_MODULES = YES;
				CLANG_ENABLE_OBJC_ARC = YES;
				CLANG_ENABLE_OBJC_WEAK = YES;
				CLANG_WARN_BLOCK_CAPTURE_AUTORELEASING = YES;
				CLANG_WARN_BOOL_CONVERSION = YES;
				CLANG_WARN_COMMA = YES;
				CLANG_WARN_CONSTANT_CONVERSION = YES;
				CLANG_WARN_DEPRECATED_OBJC_IMPLEMENTATIONS = YES;
				CLANG_WARN_DIRECT_OBJC_ISA_USAGE = YES_ERROR;
				CLANG_WARN_DOCUMENTATION_COMMENTS = YES;
				CLANG_WARN_EMPTY_BODY = YES;
				CLANG_WARN_ENUM_CONVERSION = YES;
				CLANG_WARN_INFINITE_RECURSION = YES;
				CLANG_WARN_INT_CONVERSION = YES;
				CLANG_WARN_NON_LITERAL_NULL_CONVERSION = YES;
				CLANG_WARN_OBJC_IMPLICIT_RETAIN_SELF = YES;
				CLANG_WARN_OBJC_LITERAL_CONVERSION = YES;
				CLANG_WARN_OBJC_ROOT_CLASS = YES_ERROR;
				CLANG_WARN_QUOTED_INCLUDE_IN_FRAMEWORK_HEADER = YES;
				CLANG_WARN_RANGE_LOOP_ANALYSIS = YES;
				CLANG_WARN_STRICT_PROTOTYPES = YES;
				CLANG_WARN_SUSPICIOUS_MOVE = YES;
				CLANG_WARN_UNGUARDED_AVAILABILITY = YES_AGGRESSIVE;
				CLANG_WARN_UNREACHABLE_CODE = YES;
				CLANG_WARN__DUPLICATE_METHOD_MATCH = YES;
				COPY_PHASE_STRIP = NO;
				DEBUG_INFORMATION_FORMAT = dwarf;
				ENABLE_STRICT_OBJC_MSGSEND = YES;
				ENABLE_TESTABILITY = YES;
				GCC_C_LANGUAGE_STANDARD = gnu11;
				GCC_DYNAMIC_NO_PIC = NO;
				GCC_NO_COMMON_BLOCKS = YES;
				GCC_OPTIMIZATION_LEVEL = 0;
				GCC_PREPROCESSOR_DEFINITIONS = (
					"DEBUG=1",
					"$(inherited)",
				);
				GCC_WARN_64_TO_32_BIT_CONVERSION = YES;
				GCC_WARN_ABOUT_RETURN_TYPE = YES_ERROR;
				GCC_WARN_UNDECLARED_SELECTOR = YES;
				GCC_WARN_UNINITIALIZED_AUTOS = YES_AGGRESSIVE;
				GCC_WARN_UNUSED_FUNCTION = YES;
				GCC_WARN_UNUSED_VARIABLE = YES;
				IPHONEOS_DEPLOYMENT_TARGET = 16.1;
				MTL_ENABLE_DEBUG_INFO = INCLUDE_SOURCE;
				MTL_FAST_MATH = YES;
				ONLY_ACTIVE_ARCH = YES;
				SDKROOT = iphoneos;
				SWIFT_ACTIVE_COMPILATION_CONDITIONS = DEBUG;
				SWIFT_OPTIMIZATION_LEVEL = "-Onone";
			};
			name = Debug;
		};
		B17F85022916AC1100E4CEBB /* Release */ = {
			isa = XCBuildConfiguration;
			buildSettings = {
				ALWAYS_SEARCH_USER_PATHS = NO;
				CLANG_ANALYZER_NONNULL = YES;
				CLANG_ANALYZER_NUMBER_OBJECT_CONVERSION = YES_AGGRESSIVE;
				CLANG_CXX_LANGUAGE_STANDARD = "gnu++20";
				CLANG_ENABLE_MODULES = YES;
				CLANG_ENABLE_OBJC_ARC = YES;
				CLANG_ENABLE_OBJC_WEAK = YES;
				CLANG_WARN_BLOCK_CAPTURE_AUTORELEASING = YES;
				CLANG_WARN_BOOL_CONVERSION = YES;
				CLANG_WARN_COMMA = YES;
				CLANG_WARN_CONSTANT_CONVERSION = YES;
				CLANG_WARN_DEPRECATED_OBJC_IMPLEMENTATIONS = YES;
				CLANG_WARN_DIRECT_OBJC_ISA_USAGE = YES_ERROR;
				CLANG_WARN_DOCUMENTATION_COMMENTS = YES;
				CLANG_WARN_EMPTY_BODY = YES;
				CLANG_WARN_ENUM_CONVERSION = YES;
				CLANG_WARN_INFINITE_RECURSION = YES;
				CLANG_WARN_INT_CONVERSION = YES;
				CLANG_WARN_NON_LITERAL_NULL_CONVERSION = YES;
				CLANG_WARN_OBJC_IMPLICIT_RETAIN_SELF = YES;
				CLANG_WARN_OBJC_LITERAL_CONVERSION = YES;
				CLANG_WARN_OBJC_ROOT_CLASS = YES_ERROR;
				CLANG_WARN_QUOTED_INCLUDE_IN_FRAMEWORK_HEADER = YES;
				CLANG_WARN_RANGE_LOOP_ANALYSIS = YES;
				CLANG_WARN_STRICT_PROTOTYPES = YES;
				CLANG_WARN_SUSPICIOUS_MOVE = YES;
				CLANG_WARN_UNGUARDED_AVAILABILITY = YES_AGGRESSIVE;
				CLANG_WARN_UNREACHABLE_CODE = YES;
				CLANG_WARN__DUPLICATE_METHOD_MATCH = YES;
				COPY_PHASE_STRIP = NO;
				DEBUG_INFORMATION_FORMAT = "dwarf-with-dsym";
				ENABLE_NS_ASSERTIONS = NO;
				ENABLE_STRICT_OBJC_MSGSEND = YES;
				GCC_C_LANGUAGE_STANDARD = gnu11;
				GCC_NO_COMMON_BLOCKS = YES;
				GCC_WARN_64_TO_32_BIT_CONVERSION = YES;
				GCC_WARN_ABOUT_RETURN_TYPE = YES_ERROR;
				GCC_WARN_UNDECLARED_SELECTOR = YES;
				GCC_WARN_UNINITIALIZED_AUTOS = YES_AGGRESSIVE;
				GCC_WARN_UNUSED_FUNCTION = YES;
				GCC_WARN_UNUSED_VARIABLE = YES;
				IPHONEOS_DEPLOYMENT_TARGET = 16.1;
				MTL_ENABLE_DEBUG_INFO = NO;
				MTL_FAST_MATH = YES;
				SDKROOT = iphoneos;
				SWIFT_COMPILATION_MODE = wholemodule;
				SWIFT_OPTIMIZATION_LEVEL = "-O";
				VALIDATE_PRODUCT = YES;
			};
			name = Release;
		};
		B17F85042916AC1100E4CEBB /* Debug */ = {
			isa = XCBuildConfiguration;
			buildSettings = {
				ASSETCATALOG_COMPILER_APPICON_NAME = AppIcon;
				ASSETCATALOG_COMPILER_GLOBAL_ACCENT_COLOR_NAME = AccentColor;
				CODE_SIGN_STYLE = Automatic;
				CURRENT_PROJECT_VERSION = 1;
				DEVELOPMENT_TEAM = 63PYY6R82T;
				GENERATE_INFOPLIST_FILE = YES;
				INFOPLIST_FILE = "HW 3.02/App/Info.plist";
				INFOPLIST_KEY_UIApplicationSupportsIndirectInputEvents = YES;
				INFOPLIST_KEY_UILaunchStoryboardName = LaunchScreen;
				INFOPLIST_KEY_UIMainStoryboardFile = Main;
				INFOPLIST_KEY_UISupportedInterfaceOrientations = UIInterfaceOrientationPortrait;
				INFOPLIST_KEY_UISupportedInterfaceOrientations_iPad = "UIInterfaceOrientationLandscapeLeft UIInterfaceOrientationLandscapeRight UIInterfaceOrientationPortrait UIInterfaceOrientationPortraitUpsideDown";
				LD_RUNPATH_SEARCH_PATHS = (
					"$(inherited)",
					"@executable_path/Frameworks",
				);
				MARKETING_VERSION = 1.0;
				PRODUCT_BUNDLE_IDENTIFIER = "com.larinvasyl.HW-3-02";
				PRODUCT_NAME = "$(TARGET_NAME)";
				SUPPORTED_PLATFORMS = "iphoneos iphonesimulator";
				SUPPORTS_MACCATALYST = NO;
				SUPPORTS_MAC_DESIGNED_FOR_IPHONE_IPAD = NO;
				SWIFT_EMIT_LOC_STRINGS = YES;
				SWIFT_VERSION = 5.0;
				TARGETED_DEVICE_FAMILY = 1;
			};
			name = Debug;
		};
		B17F85052916AC1100E4CEBB /* Release */ = {
			isa = XCBuildConfiguration;
			buildSettings = {
				ASSETCATALOG_COMPILER_APPICON_NAME = AppIcon;
				ASSETCATALOG_COMPILER_GLOBAL_ACCENT_COLOR_NAME = AccentColor;
				CODE_SIGN_STYLE = Automatic;
				CURRENT_PROJECT_VERSION = 1;
				DEVELOPMENT_TEAM = 63PYY6R82T;
				GENERATE_INFOPLIST_FILE = YES;
				INFOPLIST_FILE = "HW 3.02/App/Info.plist";
				INFOPLIST_KEY_UIApplicationSupportsIndirectInputEvents = YES;
				INFOPLIST_KEY_UILaunchStoryboardName = LaunchScreen;
				INFOPLIST_KEY_UIMainStoryboardFile = Main;
				INFOPLIST_KEY_UISupportedInterfaceOrientations = UIInterfaceOrientationPortrait;
				INFOPLIST_KEY_UISupportedInterfaceOrientations_iPad = "UIInterfaceOrientationLandscapeLeft UIInterfaceOrientationLandscapeRight UIInterfaceOrientationPortrait UIInterfaceOrientationPortraitUpsideDown";
				LD_RUNPATH_SEARCH_PATHS = (
					"$(inherited)",
					"@executable_path/Frameworks",
				);
				MARKETING_VERSION = 1.0;
				PRODUCT_BUNDLE_IDENTIFIER = "com.larinvasyl.HW-3-02";
				PRODUCT_NAME = "$(TARGET_NAME)";
				SUPPORTED_PLATFORMS = "iphoneos iphonesimulator";
				SUPPORTS_MACCATALYST = NO;
				SUPPORTS_MAC_DESIGNED_FOR_IPHONE_IPAD = NO;
				SWIFT_EMIT_LOC_STRINGS = YES;
				SWIFT_VERSION = 5.0;
				TARGETED_DEVICE_FAMILY = 1;
			};
			name = Release;
		};
/* End XCBuildConfiguration section */

/* Begin XCConfigurationList section */
		B17F84EA2916AC0F00E4CEBB /* Build configuration list for PBXProject "HW 3.02" */ = {
			isa = XCConfigurationList;
			buildConfigurations = (
				B17F85012916AC1100E4CEBB /* Debug */,
				B17F85022916AC1100E4CEBB /* Release */,
			);
			defaultConfigurationIsVisible = 0;
			defaultConfigurationName = Release;
		};
		B17F85032916AC1100E4CEBB /* Build configuration list for PBXNativeTarget "HW 3.02" */ = {
			isa = XCConfigurationList;
			buildConfigurations = (
				B17F85042916AC1100E4CEBB /* Debug */,
				B17F85052916AC1100E4CEBB /* Release */,
			);
			defaultConfigurationIsVisible = 0;
			defaultConfigurationName = Release;
		};
/* End XCConfigurationList section */
	};
	rootObject = B17F84E72916AC0F00E4CEBB /* Project object */;
}
